
Microsoft Visual Studio Solution File, Format Version 12.00
# Visual Studio Version 17
VisualStudioVersion = 17.8.34511.84
MinimumVisualStudioVersion = 10.0.40219.1
Project("{FAE04EC0-301F-11D3-BF4B-00C04F79EFBC}") = "WebApplication6", "WebApplication6\WebApplication6.csproj", "{510A5504-7E83-4FCA-9854-45E177B59184}"
EndProject
Global
	GlobalSection(SolutionConfigurationPlatforms) = preSolution
		Debug|Any CPU = Debug|Any CPU
		Release|Any CPU = Release|Any CPU
	EndGlobalSection
	GlobalSection(ProjectConfigurationPlatforms) = postSolution
		{510A5504-7E83-4FCA-9854-45E177B59184}.Debug|Any CPU.ActiveCfg = Debug|Any CPU
		{510A5504-7E83-4FCA-9854-45E177B59184}.Debug|Any CPU.Build.0 = Debug|Any CPU
		{510A5504-7E83-4FCA-9854-45E177B59184}.Release|Any CPU.ActiveCfg = Release|Any CPU
		{510A5504-7E83-4FCA-9854-45E177B59184}.Release|Any CPU.Build.0 = Release|Any CPU
	EndGlobalSection
	GlobalSection(SolutionProperties) = preSolution
		HideSolutionNode = FALSE
	EndGlobalSection
	GlobalSection(ExtensibilityGlobals) = postSolution
		SolutionGuid = {BEF5E531-CE98-4A07-9C95-3BB4439578EC}
	EndGlobalSection
EndGlobal
